
Microsoft Visual Studio Solution File, Format Version 12.00
# Visual Studio Version 16
VisualStudioVersion = 16.0.30413.136
MinimumVisualStudioVersion = 10.0.40219.1
Project("{FAE04EC0-301F-11D3-BF4B-00C04F79EFBC}") = "PCConfigurator", "PCConfigurator\PCConfigurator.csproj", "{A2702731-8F86-4110-B834-3E6CF56A059E}"
EndProject
Project("{FAE04EC0-301F-11D3-BF4B-00C04F79EFBC}") = "PCConfigurator.Test", "PCConfigurator.Test\PCConfigurator.Test.csproj", "{34818A66-CD5B-4E66-BE71-71410CB480B2}"
EndProject
Global
	GlobalSection(SolutionConfigurationPlatforms) = preSolution
		Debug|Any CPU = Debug|Any CPU
		Release|Any CPU = Release|Any CPU
	EndGlobalSection
	GlobalSection(ProjectConfigurationPlatforms) = postSolution
		{A2702731-8F86-4110-B834-3E6CF56A059E}.Debug|Any CPU.ActiveCfg = Debug|Any CPU
		{A2702731-8F86-4110-B834-3E6CF56A059E}.Debug|Any CPU.Build.0 = Debug|Any CPU
		{A2702731-8F86-4110-B834-3E6CF56A059E}.Release|Any CPU.ActiveCfg = Release|Any CPU
		{A2702731-8F86-4110-B834-3E6CF56A059E}.Release|Any CPU.Build.0 = Release|Any CPU
		{34818A66-CD5B-4E66-BE71-71410CB480B2}.Debug|Any CPU.ActiveCfg = Debug|Any CPU
		{34818A66-CD5B-4E66-BE71-71410CB480B2}.Debug|Any CPU.Build.0 = Debug|Any CPU
		{34818A66-CD5B-4E66-BE71-71410CB480B2}.Release|Any CPU.ActiveCfg = Release|Any CPU
		{34818A66-CD5B-4E66-BE71-71410CB480B2}.Release|Any CPU.Build.0 = Release|Any CPU
	EndGlobalSection
	GlobalSection(SolutionProperties) = preSolution
		HideSolutionNode = FALSE
	EndGlobalSection
	GlobalSection(ExtensibilityGlobals) = postSolution
		SolutionGuid = {E1852EF4-ADBC-46C2-B0BB-C2B739AD17F7}
	EndGlobalSection
EndGlobal
